// !$*UTF8*$!
{
	archiveVersion = 1;
	classes = {
	};
	objectVersion = 46;
	objects = {

/* Begin PBXBuildFile section */
		C126AA501EA68F1D003AB905 /* AppDelegate.swift in Sources */ = {isa = PBXBuildFile; fileRef = C126AA4F1EA68F1D003AB905 /* AppDelegate.swift */; };
		C126AA521EA68F1D003AB905 /* ViewController.swift in Sources */ = {isa = PBXBuildFile; fileRef = C126AA511EA68F1D003AB905 /* ViewController.swift */; };
		C126AA551EA68F1D003AB905 /* Main.storyboard in Resources */ = {isa = PBXBuildFile; fileRef = C126AA531EA68F1D003AB905 /* Main.storyboard */; };
		C126AA571EA68F1D003AB905 /* Assets.xcassets in Resources */ = {isa = PBXBuildFile; fileRef = C126AA561EA68F1D003AB905 /* Assets.xcassets */; };
		C126AA5A1EA68F1D003AB905 /* LaunchScreen.storyboard in Resources */ = {isa = PBXBuildFile; fileRef = C126AA581EA68F1D003AB905 /* LaunchScreen.storyboard */; };
		C126AA621EA69C74003AB905 /* GameViewController.swift in Sources */ = {isa = PBXBuildFile; fileRef = C126AA611EA69C74003AB905 /* GameViewController.swift */; };
/* End PBXBuildFile section */

/* Begin PBXFileReference section */
		C126AA4C1EA68F1C003AB905 /* MemoryMatch.app */ = {isa = PBXFileReference; explicitFileType = wrapper.application; includeInIndex = 0; path = MemoryMatch.app; sourceTree = BUILT_PRODUCTS_DIR; };
		C126AA4F1EA68F1D003AB905 /* AppDelegate.swift */ = {isa = PBXFileReference; lastKnownFileType = sourcecode.swift; path = AppDelegate.swift; sourceTree = "<group>"; };
		C126AA511EA68F1D003AB905 /* ViewController.swift */ = {isa = PBXFileReference; lastKnownFileType = sourcecode.swift; path = ViewController.swift; sourceTree = "<group>"; };
		C126AA541EA68F1D003AB905 /* Base */ = {isa = PBXFileReference; lastKnownFileType = file.storyboard; name = Base; path = Base.lproj/Main.storyboard; sourceTree = "<group>"; };
		C126AA561EA68F1D003AB905 /* Assets.xcassets */ = {isa = PBXFileReference; lastKnownFileType = folder.assetcatalog; path = Assets.xcassets; sourceTree = "<group>"; };
		C126AA591EA68F1D003AB905 /* Base */ = {isa = PBXFileReference; lastKnownFileType = file.storyboard; name = Base; path = Base.lproj/LaunchScreen.storyboard; sourceTree = "<group>"; };
		C126AA5B1EA68F1D003AB905 /* Info.plist */ = {isa = PBXFileReference; lastKnownFileType = text.plist.xml; path = Info.plist; sourceTree = "<group>"; };
		C126AA611EA69C74003AB905 /* GameViewController.swift */ = {isa = PBXFileReference; fileEncoding = 4; lastKnownFileType = sourcecode.swift; path = GameViewController.swift; sourceTree = "<group>"; };
/* End PBXFileReference section */

/* Begin PBXFrameworksBuildPhase section */
		C126AA491EA68F1C003AB905 /* Frameworks */ = {
			isa = PBXFrameworksBuildPhase;
			buildActionMask = 2147483647;
			files = (
			);
			runOnlyForDeploymentPostprocessing = 0;
		};
/* End PBXFrameworksBuildPhase section */

/* Begin PBXGroup section */
		C126AA431EA68F1C003AB905 = {
			isa = PBXGroup;
			children = (
				C126AA4E1EA68F1C003AB905 /* MemoryMatch */,
				C126AA4D1EA68F1C003AB905 /* Products */,
			);
			sourceTree = "<group>";
		};
		C126AA4D1EA68F1C003AB905 /* Products */ = {
			isa = PBXGroup;
			children = (
				C126AA4C1EA68F1C003AB905 /* MemoryMatch.app */,
			);
			name = Products;
			sourceTree = "<group>";
		};
		C126AA4E1EA68F1C003AB905 /* MemoryMatch */ = {
			isa = PBXGroup;
			children = (
				C126AA4F1EA68F1D003AB905 /* AppDelegate.swift */,
				C126AA511EA68F1D003AB905 /* ViewController.swift */,
				C126AA531EA68F1D003AB905 /* Main.storyboard */,
				C126AA561EA68F1D003AB905 /* Assets.xcassets */,
				C126AA581EA68F1D003AB905 /* LaunchScreen.storyboard */,
				C126AA5B1EA68F1D003AB905 /* Info.plist */,
				C126AA611EA69C74003AB905 /* GameViewController.swift */,
			);
			path = MemoryMatch;
			sourceTree = "<group>";
		};
/* End PBXGroup section */

/* Begin PBXNativeTarget section */
		C126AA4B1EA68F1C003AB905 /* MemoryMatch */ = {
			isa = PBXNativeTarget;
			buildConfigurationList = C126AA5E1EA68F1D003AB905 /* Build configuration list for PBXNativeTarget "MemoryMatch" */;
			buildPhases = (
				C126AA481EA68F1C003AB905 /* Sources */,
				C126AA491EA68F1C003AB905 /* Frameworks */,
				C126AA4A1EA68F1C003AB905 /* Resources */,
			);
			buildRules = (
			);
			dependencies = (
			);
			name = MemoryMatch;
			productName = MemoryMatch;
			productReference = C126AA4C1EA68F1C003AB905 /* MemoryMatch.app */;
			productType = "com.apple.product-type.application";
		};
/* End PBXNativeTarget section */

/* Begin PBXProject section */
		C126AA441EA68F1C003AB905 /* Project object */ = {
			isa = PBXProject;
			attributes = {
				LastSwiftUpdateCheck = 0820;
				LastUpgradeCheck = 0820;
				ORGANIZATIONNAME = "yara mohamediCode";
				TargetAttributes = {
					C126AA4B1EA68F1C003AB905 = {
						CreatedOnToolsVersion = 8.2.1;
						DevelopmentTeam = 9XX6V6BT4V;
						ProvisioningStyle = Automatic;
					};
				};
			};
			buildConfigurationList = C126AA471EA68F1C003AB905 /* Build configuration list for PBXProject "MemoryMatch" */;
			compatibilityVersion = "Xcode 3.2";
			developmentRegion = English;
			hasScannedForEncodings = 0;
			knownRegions = (
				en,
				Base,
			);
			mainGroup = C126AA431EA68F1C003AB905;
			productRefGroup = C126AA4D1EA68F1C003AB905 /* Products */;
			projectDirPath = "";
			projectRoot = "";
			targets = (
				C126AA4B1EA68F1C003AB905 /* MemoryMatch */,
			);
		};
/* End PBXProject section */

/* Begin PBXResourcesBuildPhase section */
		C126AA4A1EA68F1C003AB905 /* Resources */ = {
			isa = PBXResourcesBuildPhase;
			buildActionMask = 2147483647;
			files = (
				C126AA5A1EA68F1D003AB905 /* LaunchScreen.storyboard in Resources */,
				C126AA571EA68F1D003AB905 /* Assets.xcassets in Resources */,
				C126AA551EA68F1D003AB905 /* Main.storyboard in Resources */,
			);
			runOnlyForDeploymentPostprocessing = 0;
		};
/* End PBXResourcesBuildPhase section */

/* Begin PBXSourcesBuildPhase section */
		C126AA481EA68F1C003AB905 /* Sources */ = {
			isa = PBXSourcesBuildPhase;
			buildActionMask = 2147483647;
			files = (
				C126AA521EA68F1D003AB905 /* ViewController.swift in Sources */,
				C126AA621EA69C74003AB905 /* GameViewController.swift in Sources */,
				C126AA501EA68F1D003AB905 /* AppDelegate.swift in Sources */,
			);
			runOnlyForDeploymentPostprocessing = 0;
		};
/* End PBXSourcesBuildPhase section */

/* Begin PBXVariantGroup section */
		C126AA531EA68F1D003AB905 /* Main.storyboard */ = {
			isa = PBXVariantGroup;
			children = (
				C126AA541EA68F1D003AB905 /* Base */,
			);
			name = Main.storyboard;
			sourceTree = "<group>";
		};
		C126AA581EA68F1D003AB905 /* LaunchScreen.storyboard */ = {
			isa = PBXVariantGroup;
			children = (
				C126AA591EA68F1D003AB905 /* Base */,
			);
			name = LaunchScreen.storyboard;
			sourceTree = "<group>";
		};
/* End PBXVariantGroup section */

/* Begin XCBuildConfiguration section */
		C126AA5C1EA68F1D003AB905 /* Debug */ = {
			isa = XCBuildConfiguration;
			buildSettings = {
				ALWAYS_SEARCH_USER_PATHS = NO;
				CLANG_ANALYZER_NONNULL = YES;
				CLANG_CXX_LANGUAGE_STANDARD = "gnu++0x";
				CLANG_CXX_LIBRARY = "libc++";
				CLANG_ENABLE_MODULES = YES;
				CLANG_ENABLE_OBJC_ARC = YES;
				CLANG_WARN_BOOL_CONVERSION = YES;
				CLANG_WARN_CONSTANT_CONVERSION = YES;
				CLANG_WARN_DIRECT_OBJC_ISA_USAGE = YES_ERROR;
				CLANG_WARN_DOCUMENTATION_COMMENTS = YES;
				CLANG_WARN_EMPTY_BODY = YES;
				CLANG_WARN_ENUM_CONVERSION = YES;
				CLANG_WARN_INFINITE_RECURSION = YES;
				CLANG_WARN_INT_CONVERSION = YES;
				CLANG_WARN_OBJC_ROOT_CLASS = YES_ERROR;
				CLANG_WARN_SUSPICIOUS_MOVE = YES;
				CLANG_WARN_UNREACHABLE_CODE = YES;
				CLANG_WARN__DUPLICATE_METHOD_MATCH = YES;
				"CODE_SIGN_IDENTITY[sdk=iphoneos*]" = "iPhone Developer";
				COPY_PHASE_STRIP = NO;
				DEBUG_INFORMATION_FORMAT = dwarf;
				ENABLE_STRICT_OBJC_MSGSEND = YES;
				ENABLE_TESTABILITY = YES;
				GCC_C_LANGUAGE_STANDARD = gnu99;
				GCC_DYNAMIC_NO_PIC = NO;
				GCC_NO_COMMON_BLOCKS = YES;
				GCC_OPTIMIZATION_LEVEL = 0;
				GCC_PREPROCESSOR_DEFINITIONS = (
					"DEBUG=1",
					"$(inherited)",
				);
				GCC_WARN_64_TO_32_BIT_CONVERSION = YES;
				GCC_WARN_ABOUT_RETURN_TYPE = YES_ERROR;
				GCC_WARN_UNDECLARED_SELECTOR = YES;
				GCC_WARN_UNINITIALIZED_AUTOS = YES_AGGRESSIVE;
				GCC_WARN_UNUSED_FUNCTION = YES;
				GCC_WARN_UNUSED_VARIABLE = YES;
				IPHONEOS_DEPLOYMENT_TARGET = 10.2;
				MTL_ENABLE_DEBUG_INFO = YES;
				ONLY_ACTIVE_ARCH = YES;
				SDKROOT = iphoneos;
				SWIFT_ACTIVE_COMPILATION_CONDITIONS = DEBUG;
				SWIFT_OPTIMIZATION_LEVEL = "-Onone";
				TARGETED_DEVICE_FAMILY = "1,2";
			};
			name = Debug;
		};
		C126AA5D1EA68F1D003AB905 /* Release */ = {
			isa = XCBuildConfiguration;
			buildSettings = {
				ALWAYS_SEARCH_USER_PATHS = NO;
				CLANG_ANALYZER_NONNULL = YES;
				CLANG_CXX_LANGUAGE_STANDARD = "gnu++0x";
				CLANG_CXX_LIBRARY = "libc++";
				CLANG_ENABLE_MODULES = YES;
				CLANG_ENABLE_OBJC_ARC = YES;
				CLANG_WARN_BOOL_CONVERSION = YES;
				CLANG_WARN_CONSTANT_CONVERSION = YES;
				CLANG_WARN_DIRECT_OBJC_ISA_USAGE = YES_ERROR;
				CLANG_WARN_DOCUMENTATION_COMMENTS = YES;
				CLANG_WARN_EMPTY_BODY = YES;
				CLANG_WARN_ENUM_CONVERSION = YES;
				CLANG_WARN_INFINITE_RECURSION = YES;
				CLANG_WARN_INT_CONVERSION = YES;
				CLANG_WARN_OBJC_ROOT_CLASS = YES_ERROR;
				CLANG_WARN_SUSPICIOUS_MOVE = YES;
				CLANG_WARN_UNREACHABLE_CODE = YES;
				CLANG_WARN__DUPLICATE_METHOD_MATCH = YES;
				"CODE_SIGN_IDENTITY[sdk=iphoneos*]" = "iPhone Developer";
				COPY_PHASE_STRIP = NO;
				DEBUG_INFORMATION_FORMAT = "dwarf-with-dsym";
				ENABLE_NS_ASSERTIONS = NO;
				ENABLE_STRICT_OBJC_MSGSEND = YES;
				GCC_C_LANGUAGE_STANDARD = gnu99;
				GCC_NO_COMMON_BLOCKS = YES;
				GCC_WARN_64_TO_32_BIT_CONVERSION = YES;
				GCC_WARN_ABOUT_RETURN_TYPE = YES_ERROR;
				GCC_WARN_UNDECLARED_SELECTOR = YES;
				GCC_WARN_UNINITIALIZED_AUTOS = YES_AGGRESSIVE;
				GCC_WARN_UNUSED_FUNCTION = YES;
				GCC_WARN_UNUSED_VARIABLE = YES;
				IPHONEOS_DEPLOYMENT_TARGET = 10.2;
				MTL_ENABLE_DEBUG_INFO = NO;
				SDKROOT = iphoneos;
				SWIFT_OPTIMIZATION_LEVEL = "-Owholemodule";
				TARGETED_DEVICE_FAMILY = "1,2";
				VALIDATE_PRODUCT = YES;
			};
			name = Release;
		};
		C126AA5F1EA68F1D003AB905 /* Debug */ = {
			isa = XCBuildConfiguration;
			buildSettings = {
				ASSETCATALOG_COMPILER_APPICON_NAME = AppIcon;
				DEVELOPMENT_TEAM = 9XX6V6BT4V;
				INFOPLIST_FILE = MemoryMatch/Info.plist;
				LD_RUNPATH_SEARCH_PATHS = "$(inherited) @executable_path/Frameworks";
				PRODUCT_BUNDLE_IDENTIFIER = tedu.iclod.org.yaramohamed.MemoryMatch;
				PRODUCT_NAME = "$(TARGET_NAME)";
				SWIFT_VERSION = 3.0;
			};
			name = Debug;
		};
		C126AA601EA68F1D003AB905 /* Release */ = {
			isa = XCBuildConfiguration;
			buildSettings = {
				ASSETCATALOG_COMPILER_APPICON_NAME = AppIcon;
				DEVELOPMENT_TEAM = 9XX6V6BT4V;
				INFOPLIST_FILE = MemoryMatch/Info.plist;
				LD_RUNPATH_SEARCH_PATHS = "$(inherited) @executable_path/Frameworks";
				PRODUCT_BUNDLE_IDENTIFIER = tedu.iclod.org.yaramohamed.MemoryMatch;
				PRODUCT_NAME = "$(TARGET_NAME)";
				SWIFT_VERSION = 3.0;
			};
			name = Release;
		};
/* End XCBuildConfiguration section */

/* Begin XCConfigurationList section */
		C126AA471EA68F1C003AB905 /* Build configuration list for PBXProject "MemoryMatch" */ = {
			isa = XCConfigurationList;
			buildConfigurations = (
				C126AA5C1EA68F1D003AB905 /* Debug */,
				C126AA5D1EA68F1D003AB905 /* Release */,
			);
			defaultConfigurationIsVisible = 0;
			defaultConfigurationName = Release;
		};
		C126AA5E1EA68F1D003AB905 /* Build configuration list for PBXNativeTarget "MemoryMatch" */ = {
			isa = XCConfigurationList;
			buildConfigurations = (
				C126AA5F1EA68F1D003AB905 /* Debug */,
				C126AA601EA68F1D003AB905 /* Release */,
			);
			defaultConfigurationIsVisible = 0;
		};
/* End XCConfigurationList section */
	};
	rootObject = C126AA441EA68F1C003AB905 /* Project object */;
}
